
Microsoft Visual Studio Solution File, Format Version 12.00
Project("{2150E333-8FDC-42A3-9474-1A3956D46DE8}") = "src", "src", "{E12349A6-70E9-4BB9-9F0C-8E0D6B60FC2D}"
EndProject
Project("{2150E333-8FDC-42A3-9474-1A3956D46DE8}") = "testing", "testing", "{1DA85BED-8A06-4200-82D1-C87FECD5D82A}"
EndProject
Project("{FAE04EC0-301F-11D3-BF4B-00C04F79EFBC}") = "WebApi", "src\WebApi\WebApi.csproj", "{38BF8767-E6C7-4C23-9A8B-7682D9227E9D}"
EndProject
Project("{FAE04EC0-301F-11D3-BF4B-00C04F79EFBC}") = "Domain", "src\Domain\Domain.csproj", "{A0206B28-35DE-4912-91B5-13A0738A15C6}"
EndProject
Project("{FAE04EC0-301F-11D3-BF4B-00C04F79EFBC}") = "Domain.Tests", "testing\Domain.Tests\Domain.Tests.csproj", "{B88603C2-D69F-4658-BF40-62D682E6E755}"
EndProject
Global
	GlobalSection(SolutionConfigurationPlatforms) = preSolution
		Debug|Any CPU = Debug|Any CPU
		Release|Any CPU = Release|Any CPU
	EndGlobalSection
	GlobalSection(NestedProjects) = preSolution
		{38BF8767-E6C7-4C23-9A8B-7682D9227E9D} = {E12349A6-70E9-4BB9-9F0C-8E0D6B60FC2D}
		{A0206B28-35DE-4912-91B5-13A0738A15C6} = {E12349A6-70E9-4BB9-9F0C-8E0D6B60FC2D}
		{B88603C2-D69F-4658-BF40-62D682E6E755} = {1DA85BED-8A06-4200-82D1-C87FECD5D82A}
	EndGlobalSection
	GlobalSection(ProjectConfigurationPlatforms) = postSolution
		{38BF8767-E6C7-4C23-9A8B-7682D9227E9D}.Debug|Any CPU.ActiveCfg = Debug|Any CPU
		{38BF8767-E6C7-4C23-9A8B-7682D9227E9D}.Debug|Any CPU.Build.0 = Debug|Any CPU
		{38BF8767-E6C7-4C23-9A8B-7682D9227E9D}.Release|Any CPU.ActiveCfg = Release|Any CPU
		{38BF8767-E6C7-4C23-9A8B-7682D9227E9D}.Release|Any CPU.Build.0 = Release|Any CPU
		{A0206B28-35DE-4912-91B5-13A0738A15C6}.Debug|Any CPU.ActiveCfg = Debug|Any CPU
		{A0206B28-35DE-4912-91B5-13A0738A15C6}.Debug|Any CPU.Build.0 = Debug|Any CPU
		{A0206B28-35DE-4912-91B5-13A0738A15C6}.Release|Any CPU.ActiveCfg = Release|Any CPU
		{A0206B28-35DE-4912-91B5-13A0738A15C6}.Release|Any CPU.Build.0 = Release|Any CPU
		{B88603C2-D69F-4658-BF40-62D682E6E755}.Debug|Any CPU.ActiveCfg = Debug|Any CPU
		{B88603C2-D69F-4658-BF40-62D682E6E755}.Debug|Any CPU.Build.0 = Debug|Any CPU
		{B88603C2-D69F-4658-BF40-62D682E6E755}.Release|Any CPU.ActiveCfg = Release|Any CPU
		{B88603C2-D69F-4658-BF40-62D682E6E755}.Release|Any CPU.Build.0 = Release|Any CPU
	EndGlobalSection
EndGlobal
